
Microsoft Visual Studio Solution File, Format Version 12.00
# Visual Studio Version 16
VisualStudioVersion = 16.0.31702.278
MinimumVisualStudioVersion = 10.0.40219.1
Project("{FAE04EC0-301F-11D3-BF4B-00C04F79EFBC}") = "BrokeredMessaging.SenderConsole", "BrokeredMessaging.Sender\BrokeredMessaging.SenderConsole.csproj", "{BE4E8913-2A84-4D9A-83AC-D45BDC592805}"
EndProject
Project("{FAE04EC0-301F-11D3-BF4B-00C04F79EFBC}") = "BrokeredMessaging.ReceiverConsole", "BrokeredMessaging.ReceiverConsole\BrokeredMessaging.ReceiverConsole.csproj", "{5867BE82-7AD8-476C-A37A-2CE7B2AE91BC}"
EndProject
Project("{FAE04EC0-301F-11D3-BF4B-00C04F79EFBC}") = "BrokeredMessaging.ChatConsole", "BrokeredMessaging.ChatConsole\BrokeredMessaging.ChatConsole.csproj", "{61FAF902-2E0B-4DFE-BFFD-864622BA3B43}"
EndProject
Global
	GlobalSection(SolutionConfigurationPlatforms) = preSolution
		Debug|Any CPU = Debug|Any CPU
		Release|Any CPU = Release|Any CPU
	EndGlobalSection
	GlobalSection(ProjectConfigurationPlatforms) = postSolution
		{BE4E8913-2A84-4D9A-83AC-D45BDC592805}.Debug|Any CPU.ActiveCfg = Debug|Any CPU
		{BE4E8913-2A84-4D9A-83AC-D45BDC592805}.Debug|Any CPU.Build.0 = Debug|Any CPU
		{BE4E8913-2A84-4D9A-83AC-D45BDC592805}.Release|Any CPU.ActiveCfg = Release|Any CPU
		{BE4E8913-2A84-4D9A-83AC-D45BDC592805}.Release|Any CPU.Build.0 = Release|Any CPU
		{5867BE82-7AD8-476C-A37A-2CE7B2AE91BC}.Debug|Any CPU.ActiveCfg = Debug|Any CPU
		{5867BE82-7AD8-476C-A37A-2CE7B2AE91BC}.Debug|Any CPU.Build.0 = Debug|Any CPU
		{5867BE82-7AD8-476C-A37A-2CE7B2AE91BC}.Release|Any CPU.ActiveCfg = Release|Any CPU
		{5867BE82-7AD8-476C-A37A-2CE7B2AE91BC}.Release|Any CPU.Build.0 = Release|Any CPU
		{61FAF902-2E0B-4DFE-BFFD-864622BA3B43}.Debug|Any CPU.ActiveCfg = Debug|Any CPU
		{61FAF902-2E0B-4DFE-BFFD-864622BA3B43}.Debug|Any CPU.Build.0 = Debug|Any CPU
		{61FAF902-2E0B-4DFE-BFFD-864622BA3B43}.Release|Any CPU.ActiveCfg = Release|Any CPU
		{61FAF902-2E0B-4DFE-BFFD-864622BA3B43}.Release|Any CPU.Build.0 = Release|Any CPU
	EndGlobalSection
	GlobalSection(SolutionProperties) = preSolution
		HideSolutionNode = FALSE
	EndGlobalSection
	GlobalSection(ExtensibilityGlobals) = postSolution
		SolutionGuid = {B750DFCF-0890-4355-8870-DEA94CF7E94D}
	EndGlobalSection
EndGlobal
